// !$*UTF8*$!
{
	archiveVersion = 1;
	classes = {
	};
	objectVersion = 56;
	objects = {

/* Begin PBXBuildFile section */
		9215FAE429B447AB00B86A2A /* Colors.xcassets in Resources */ = {isa = PBXBuildFile; fileRef = 9215FAE329B447AB00B86A2A /* Colors.xcassets */; };
		9215FAE729B447FA00B86A2A /* Colors.swift in Sources */ = {isa = PBXBuildFile; fileRef = 9215FAE629B447FA00B86A2A /* Colors.swift */; };
		FC6E686E29EE746C00E2C839 /* WeatherBackgroundView.swift in Sources */ = {isa = PBXBuildFile; fileRef = FC6E686D29EE746C00E2C839 /* WeatherBackgroundView.swift */; };
		FC6E687029EE74A100E2C839 /* WeatherView.swift in Sources */ = {isa = PBXBuildFile; fileRef = FC6E686F29EE74A100E2C839 /* WeatherView.swift */; };
		FC6E687229EE766F00E2C839 /* WeatherHeaderView.swift in Sources */ = {isa = PBXBuildFile; fileRef = FC6E687129EE766F00E2C839 /* WeatherHeaderView.swift */; };
		FC6E687429EE77E500E2C839 /* WeatherPageViewModel.swift in Sources */ = {isa = PBXBuildFile; fileRef = FC6E687329EE77E500E2C839 /* WeatherPageViewModel.swift */; };
		FC86C37829FA259500B48A57 /* NewCityViewModel.swift in Sources */ = {isa = PBXBuildFile; fileRef = FC86C37729FA259500B48A57 /* NewCityViewModel.swift */; };
		FC86C37A29FA259F00B48A57 /* CityListViewModel.swift in Sources */ = {isa = PBXBuildFile; fileRef = FC86C37929FA259F00B48A57 /* CityListViewModel.swift */; };
		FC86C38F29FA833F00B48A57 /* PageControl.swift in Sources */ = {isa = PBXBuildFile; fileRef = FC86C38E29FA833F00B48A57 /* PageControl.swift */; };
		FC86C39129FA83F200B48A57 /* WeatherPageView.swift in Sources */ = {isa = PBXBuildFile; fileRef = FC86C39029FA83F200B48A57 /* WeatherPageView.swift */; };
		FC86C39429FA84CC00B48A57 /* WeatherViewModel.swift in Sources */ = {isa = PBXBuildFile; fileRef = FC86C39329FA84CC00B48A57 /* WeatherViewModel.swift */; };
		FC8EEF5E29F42026006F35E0 /* RequestType.swift in Sources */ = {isa = PBXBuildFile; fileRef = FC8EEF5D29F42026006F35E0 /* RequestType.swift */; };
		FC8EEF6029F42039006F35E0 /* API.swift in Sources */ = {isa = PBXBuildFile; fileRef = FC8EEF5F29F42039006F35E0 /* API.swift */; };
		FC8EEF6229F42078006F35E0 /* APIManager.swift in Sources */ = {isa = PBXBuildFile; fileRef = FC8EEF6129F42078006F35E0 /* APIManager.swift */; };
		FC8EEF6429F42126006F35E0 /* Endpoint.swift in Sources */ = {isa = PBXBuildFile; fileRef = FC8EEF6329F42126006F35E0 /* Endpoint.swift */; };
		FC8EEF6629F4217F006F35E0 /* ServerEnvironment.swift in Sources */ = {isa = PBXBuildFile; fileRef = FC8EEF6529F4217F006F35E0 /* ServerEnvironment.swift */; };
		FC8EEF6829F42226006F35E0 /* RequestError.swift in Sources */ = {isa = PBXBuildFile; fileRef = FC8EEF6729F42226006F35E0 /* RequestError.swift */; };
		FC8EEF6A29F42240006F35E0 /* APIResponse.swift in Sources */ = {isa = PBXBuildFile; fileRef = FC8EEF6929F42240006F35E0 /* APIResponse.swift */; };
		FC8EEF6C29F4225A006F35E0 /* APIResponseError.swift in Sources */ = {isa = PBXBuildFile; fileRef = FC8EEF6B29F4225A006F35E0 /* APIResponseError.swift */; };
		FC8EEF6E29F4229D006F35E0 /* Data+Extension.swift in Sources */ = {isa = PBXBuildFile; fileRef = FC8EEF6D29F4229D006F35E0 /* Data+Extension.swift */; };
		FC8EEF7029F422D1006F35E0 /* DecodingError+Extension.swift in Sources */ = {isa = PBXBuildFile; fileRef = FC8EEF6F29F422D1006F35E0 /* DecodingError+Extension.swift */; };
		FC8EEF7229F422F2006F35E0 /* Logger.swift in Sources */ = {isa = PBXBuildFile; fileRef = FC8EEF7129F422F2006F35E0 /* Logger.swift */; };
		FC8EEF7429F423B7006F35E0 /* WeatherService.swift in Sources */ = {isa = PBXBuildFile; fileRef = FC8EEF7329F423B7006F35E0 /* WeatherService.swift */; };
		FC8EEF7629F423CB006F35E0 /* WeatherServiceEndpoint.swift in Sources */ = {isa = PBXBuildFile; fileRef = FC8EEF7529F423CB006F35E0 /* WeatherServiceEndpoint.swift */; };
		FC8EEF7829F42529006F35E0 /* LoadingState.swift in Sources */ = {isa = PBXBuildFile; fileRef = FC8EEF7729F42529006F35E0 /* LoadingState.swift */; };
		FC8EEF7A29F42597006F35E0 /* WeatherServiceStore.swift in Sources */ = {isa = PBXBuildFile; fileRef = FC8EEF7929F42597006F35E0 /* WeatherServiceStore.swift */; };
		FC8EEF7C29F42988006F35E0 /* ServiceProvider.swift in Sources */ = {isa = PBXBuildFile; fileRef = FC8EEF7B29F42988006F35E0 /* ServiceProvider.swift */; };
		FC8EEF7E29F42CB8006F35E0 /* ErrorPopup.swift in Sources */ = {isa = PBXBuildFile; fileRef = FC8EEF7D29F42CB8006F35E0 /* ErrorPopup.swift */; };
		FC8EEF8029F42CDB006F35E0 /* AlertView.swift in Sources */ = {isa = PBXBuildFile; fileRef = FC8EEF7F29F42CDB006F35E0 /* AlertView.swift */; };
		FC8EEF8229F42CF2006F35E0 /* UIConstants.swift in Sources */ = {isa = PBXBuildFile; fileRef = FC8EEF8129F42CF1006F35E0 /* UIConstants.swift */; };
		FC8EEF8429F42D15006F35E0 /* Popup.swift in Sources */ = {isa = PBXBuildFile; fileRef = FC8EEF8329F42D15006F35E0 /* Popup.swift */; };
		FC8EEF8629F42D2F006F35E0 /* FrameGetter.swift in Sources */ = {isa = PBXBuildFile; fileRef = FC8EEF8529F42D2F006F35E0 /* FrameGetter.swift */; };
		FC8EEF8829F42DFE006F35E0 /* FixedText.swift in Sources */ = {isa = PBXBuildFile; fileRef = FC8EEF8729F42DFE006F35E0 /* FixedText.swift */; };
		FC8EEF8A29F4F6C6006F35E0 /* DailyWeatherView.swift in Sources */ = {isa = PBXBuildFile; fileRef = FC8EEF8929F4F6C6006F35E0 /* DailyWeatherView.swift */; };
		FC8EEF8C29F4F754006F35E0 /* DailyWeatherViewModel.swift in Sources */ = {isa = PBXBuildFile; fileRef = FC8EEF8B29F4F754006F35E0 /* DailyWeatherViewModel.swift */; };
		FC8EEF8E29F5035A006F35E0 /* CurrentWeatherViewModel.swift in Sources */ = {isa = PBXBuildFile; fileRef = FC8EEF8D29F5035A006F35E0 /* CurrentWeatherViewModel.swift */; };
		FC8EEF9229F506E0006F35E0 /* DayWeather.swift in Sources */ = {isa = PBXBuildFile; fileRef = FC8EEF9129F506E0006F35E0 /* DayWeather.swift */; };
		FC8EEF9429F51374006F35E0 /* WeatherCode.swift in Sources */ = {isa = PBXBuildFile; fileRef = FC8EEF9329F51374006F35E0 /* WeatherCode.swift */; };
		FC8EEF9629F51F32006F35E0 /* DateFormatter+Extension.swift in Sources */ = {isa = PBXBuildFile; fileRef = FC8EEF9529F51F32006F35E0 /* DateFormatter+Extension.swift */; };
		FC8EEF9829F523FB006F35E0 /* Date+Extension.swift in Sources */ = {isa = PBXBuildFile; fileRef = FC8EEF9729F523FB006F35E0 /* Date+Extension.swift */; };
		FC8EEF9B29F56DF5006F35E0 /* CityValidation.swift in Sources */ = {isa = PBXBuildFile; fileRef = FC8EEF9A29F56DF5006F35E0 /* CityValidation.swift */; };
		FC8EEF9D29F56E16006F35E0 /* CityValidationResult.swift in Sources */ = {isa = PBXBuildFile; fileRef = FC8EEF9C29F56E16006F35E0 /* CityValidationResult.swift */; };
		FC8EEFA029F56EE7006F35E0 /* CityCompletion.swift in Sources */ = {isa = PBXBuildFile; fileRef = FC8EEF9F29F56EE7006F35E0 /* CityCompletion.swift */; };
		FC8EEFA229F56F02006F35E0 /* CityCompletionResult.swift in Sources */ = {isa = PBXBuildFile; fileRef = FC8EEFA129F56F02006F35E0 /* CityCompletionResult.swift */; };
		FC8EEFA529F56F33006F35E0 /* CityCompletionManager.swift in Sources */ = {isa = PBXBuildFile; fileRef = FC8EEFA429F56F33006F35E0 /* CityCompletionManager.swift */; };
		FC8EEFAA29F56F81006F35E0 /* CityStore.swift in Sources */ = {isa = PBXBuildFile; fileRef = FC8EEFA929F56F81006F35E0 /* CityStore.swift */; };
		FC8EEFAF29F56FCE006F35E0 /* CityListView.swift in Sources */ = {isa = PBXBuildFile; fileRef = FC8EEFAE29F56FCE006F35E0 /* CityListView.swift */; };
		FC8EEFB129F56FED006F35E0 /* CityRow.swift in Sources */ = {isa = PBXBuildFile; fileRef = FC8EEFB029F56FED006F35E0 /* CityRow.swift */; };
		FC8EEFB329F57001006F35E0 /* NewCityView.swift in Sources */ = {isa = PBXBuildFile; fileRef = FC8EEFB229F57001006F35E0 /* NewCityView.swift */; };
		FC8EEFB529F57074006F35E0 /* NetworkManager.swift in Sources */ = {isa = PBXBuildFile; fileRef = FC8EEFB429F57074006F35E0 /* NetworkManager.swift */; };
		FC8EEFB729F58743006F35E0 /* Navigate.swift in Sources */ = {isa = PBXBuildFile; fileRef = FC8EEFB629F58742006F35E0 /* Navigate.swift */; };
		FC8EEFB929F587EA006F35E0 /* DeferView.swift in Sources */ = {isa = PBXBuildFile; fileRef = FC8EEFB829F587EA006F35E0 /* DeferView.swift */; };
		FC8EF1E529F6CCB9006F35E0 /* UserDefault.swift in Sources */ = {isa = PBXBuildFile; fileRef = FC8EF1E429F6CCB9006F35E0 /* UserDefault.swift */; };
		FC8EF1E729F6CCD9006F35E0 /* UDKey.swift in Sources */ = {isa = PBXBuildFile; fileRef = FC8EF1E629F6CCD9006F35E0 /* UDKey.swift */; };
		FC8EF1EA29F6E0CD006F35E0 /* CoreDataModel.xcdatamodeld in Sources */ = {isa = PBXBuildFile; fileRef = FC8EF1E829F6E0CD006F35E0 /* CoreDataModel.xcdatamodeld */; };
		FC8EF34129F820B8006F35E0 /* Persistence.swift in Sources */ = {isa = PBXBuildFile; fileRef = FC8EF34029F820B8006F35E0 /* Persistence.swift */; };
		FC8EF34629F821DE006F35E0 /* Collections in Frameworks */ = {isa = PBXBuildFile; productRef = FC8EF34529F821DE006F35E0 /* Collections */; };
		FC8EF34829F821DE006F35E0 /* DequeModule in Frameworks */ = {isa = PBXBuildFile; productRef = FC8EF34729F821DE006F35E0 /* DequeModule */; };
		FC8EF34A29F821DE006F35E0 /* OrderedCollections in Frameworks */ = {isa = PBXBuildFile; productRef = FC8EF34929F821DE006F35E0 /* OrderedCollections */; };
		FCAA814329AB5B3F000E9860 /* WeatherForecastApp.swift in Sources */ = {isa = PBXBuildFile; fileRef = FCAA814229AB5B3F000E9860 /* WeatherForecastApp.swift */; };
		FCAA814729AB5B40000E9860 /* Assets.xcassets in Resources */ = {isa = PBXBuildFile; fileRef = FCAA814629AB5B40000E9860 /* Assets.xcassets */; };
		FCAA814A29AB5B40000E9860 /* Preview Assets.xcassets in Resources */ = {isa = PBXBuildFile; fileRef = FCAA814929AB5B40000E9860 /* Preview Assets.xcassets */; };
		FCAA815A29AB5B41000E9860 /* WeatherForecastTests.swift in Sources */ = {isa = PBXBuildFile; fileRef = FCAA815929AB5B41000E9860 /* WeatherForecastTests.swift */; };
		FCAA816429AB5B41000E9860 /* WeatherForecastUITests.swift in Sources */ = {isa = PBXBuildFile; fileRef = FCAA816329AB5B41000E9860 /* WeatherForecastUITests.swift */; };
		FCAA816629AB5B41000E9860 /* WeatherForecastUITestsLaunchTests.swift in Sources */ = {isa = PBXBuildFile; fileRef = FCAA816529AB5B41000E9860 /* WeatherForecastUITestsLaunchTests.swift */; };
		FCAA817329AB5B50000E9860 /* Weather.swift in Sources */ = {isa = PBXBuildFile; fileRef = FCAA817229AB5B50000E9860 /* Weather.swift */; };
		FCAA817529AB5BF6000E9860 /* Model.json in Resources */ = {isa = PBXBuildFile; fileRef = FCAA817429AB5BF6000E9860 /* Model.json */; };
		FCEFD71C29EE7E6C00F5122A /* WeatherFooterView.swift in Sources */ = {isa = PBXBuildFile; fileRef = FCEFD71B29EE7E6C00F5122A /* WeatherFooterView.swift */; };
		FCEFD71E29EE807800F5122A /* CurrentWeatherView.swift in Sources */ = {isa = PBXBuildFile; fileRef = FCEFD71D29EE807800F5122A /* CurrentWeatherView.swift */; };
/* End PBXBuildFile section */

/* Begin PBXContainerItemProxy section */
		FCAA815629AB5B41000E9860 /* PBXContainerItemProxy */ = {
			isa = PBXContainerItemProxy;
			containerPortal = FCAA813729AB5B3F000E9860 /* Project object */;
			proxyType = 1;
			remoteGlobalIDString = FCAA813E29AB5B3F000E9860;
			remoteInfo = WeatherForecast;
		};
		FCAA816029AB5B41000E9860 /* PBXContainerItemProxy */ = {
			isa = PBXContainerItemProxy;
			containerPortal = FCAA813729AB5B3F000E9860 /* Project object */;
			proxyType = 1;
			remoteGlobalIDString = FCAA813E29AB5B3F000E9860;
			remoteInfo = WeatherForecast;
		};
/* End PBXContainerItemProxy section */

/* Begin PBXFileReference section */
		9215FAE329B447AB00B86A2A /* Colors.xcassets */ = {isa = PBXFileReference; lastKnownFileType = folder.assetcatalog; path = Colors.xcassets; sourceTree = "<group>"; };
		9215FAE629B447FA00B86A2A /* Colors.swift */ = {isa = PBXFileReference; fileEncoding = 4; lastKnownFileType = sourcecode.swift; path = Colors.swift; sourceTree = "<group>"; };
		FC6E686D29EE746C00E2C839 /* WeatherBackgroundView.swift */ = {isa = PBXFileReference; lastKnownFileType = sourcecode.swift; path = WeatherBackgroundView.swift; sourceTree = "<group>"; };
		FC6E686F29EE74A100E2C839 /* WeatherView.swift */ = {isa = PBXFileReference; fileEncoding = 4; lastKnownFileType = sourcecode.swift; path = WeatherView.swift; sourceTree = "<group>"; };
		FC6E687129EE766F00E2C839 /* WeatherHeaderView.swift */ = {isa = PBXFileReference; lastKnownFileType = sourcecode.swift; path = WeatherHeaderView.swift; sourceTree = "<group>"; };
		FC6E687329EE77E500E2C839 /* WeatherPageViewModel.swift */ = {isa = PBXFileReference; lastKnownFileType = sourcecode.swift; path = WeatherPageViewModel.swift; sourceTree = "<group>"; };
		FC86C37729FA259500B48A57 /* NewCityViewModel.swift */ = {isa = PBXFileReference; lastKnownFileType = sourcecode.swift; path = NewCityViewModel.swift; sourceTree = "<group>"; };
		FC86C37929FA259F00B48A57 /* CityListViewModel.swift */ = {isa = PBXFileReference; lastKnownFileType = sourcecode.swift; path = CityListViewModel.swift; sourceTree = "<group>"; };
		FC86C38E29FA833F00B48A57 /* PageControl.swift */ = {isa = PBXFileReference; lastKnownFileType = sourcecode.swift; path = PageControl.swift; sourceTree = "<group>"; };
		FC86C39029FA83F200B48A57 /* WeatherPageView.swift */ = {isa = PBXFileReference; lastKnownFileType = sourcecode.swift; path = WeatherPageView.swift; sourceTree = "<group>"; };
		FC86C39329FA84CC00B48A57 /* WeatherViewModel.swift */ = {isa = PBXFileReference; lastKnownFileType = sourcecode.swift; path = WeatherViewModel.swift; sourceTree = "<group>"; };
		FC8EEF5D29F42026006F35E0 /* RequestType.swift */ = {isa = PBXFileReference; lastKnownFileType = sourcecode.swift; path = RequestType.swift; sourceTree = "<group>"; };
		FC8EEF5F29F42039006F35E0 /* API.swift */ = {isa = PBXFileReference; lastKnownFileType = sourcecode.swift; path = API.swift; sourceTree = "<group>"; };
		FC8EEF6129F42078006F35E0 /* APIManager.swift */ = {isa = PBXFileReference; lastKnownFileType = sourcecode.swift; path = APIManager.swift; sourceTree = "<group>"; };
		FC8EEF6329F42126006F35E0 /* Endpoint.swift */ = {isa = PBXFileReference; lastKnownFileType = sourcecode.swift; path = Endpoint.swift; sourceTree = "<group>"; };
		FC8EEF6529F4217F006F35E0 /* ServerEnvironment.swift */ = {isa = PBXFileReference; lastKnownFileType = sourcecode.swift; path = ServerEnvironment.swift; sourceTree = "<group>"; };
		FC8EEF6729F42226006F35E0 /* RequestError.swift */ = {isa = PBXFileReference; lastKnownFileType = sourcecode.swift; path = RequestError.swift; sourceTree = "<group>"; };
		FC8EEF6929F42240006F35E0 /* APIResponse.swift */ = {isa = PBXFileReference; lastKnownFileType = sourcecode.swift; path = APIResponse.swift; sourceTree = "<group>"; };
		FC8EEF6B29F4225A006F35E0 /* APIResponseError.swift */ = {isa = PBXFileReference; lastKnownFileType = sourcecode.swift; path = APIResponseError.swift; sourceTree = "<group>"; };
		FC8EEF6D29F4229D006F35E0 /* Data+Extension.swift */ = {isa = PBXFileReference; lastKnownFileType = sourcecode.swift; path = "Data+Extension.swift"; sourceTree = "<group>"; };
		FC8EEF6F29F422D1006F35E0 /* DecodingError+Extension.swift */ = {isa = PBXFileReference; lastKnownFileType = sourcecode.swift; path = "DecodingError+Extension.swift"; sourceTree = "<group>"; };
		FC8EEF7129F422F2006F35E0 /* Logger.swift */ = {isa = PBXFileReference; lastKnownFileType = sourcecode.swift; path = Logger.swift; sourceTree = "<group>"; };
		FC8EEF7329F423B7006F35E0 /* WeatherService.swift */ = {isa = PBXFileReference; lastKnownFileType = sourcecode.swift; path = WeatherService.swift; sourceTree = "<group>"; };
		FC8EEF7529F423CB006F35E0 /* WeatherServiceEndpoint.swift */ = {isa = PBXFileReference; lastKnownFileType = sourcecode.swift; path = WeatherServiceEndpoint.swift; sourceTree = "<group>"; };
		FC8EEF7729F42529006F35E0 /* LoadingState.swift */ = {isa = PBXFileReference; lastKnownFileType = sourcecode.swift; path = LoadingState.swift; sourceTree = "<group>"; };
		FC8EEF7929F42597006F35E0 /* WeatherServiceStore.swift */ = {isa = PBXFileReference; lastKnownFileType = sourcecode.swift; path = WeatherServiceStore.swift; sourceTree = "<group>"; };
		FC8EEF7B29F42988006F35E0 /* ServiceProvider.swift */ = {isa = PBXFileReference; lastKnownFileType = sourcecode.swift; path = ServiceProvider.swift; sourceTree = "<group>"; };
		FC8EEF7D29F42CB8006F35E0 /* ErrorPopup.swift */ = {isa = PBXFileReference; lastKnownFileType = sourcecode.swift; path = ErrorPopup.swift; sourceTree = "<group>"; };
		FC8EEF7F29F42CDB006F35E0 /* AlertView.swift */ = {isa = PBXFileReference; lastKnownFileType = sourcecode.swift; path = AlertView.swift; sourceTree = "<group>"; };
		FC8EEF8129F42CF1006F35E0 /* UIConstants.swift */ = {isa = PBXFileReference; lastKnownFileType = sourcecode.swift; path = UIConstants.swift; sourceTree = "<group>"; };
		FC8EEF8329F42D15006F35E0 /* Popup.swift */ = {isa = PBXFileReference; lastKnownFileType = sourcecode.swift; path = Popup.swift; sourceTree = "<group>"; };
		FC8EEF8529F42D2F006F35E0 /* FrameGetter.swift */ = {isa = PBXFileReference; lastKnownFileType = sourcecode.swift; path = FrameGetter.swift; sourceTree = "<group>"; };
		FC8EEF8729F42DFE006F35E0 /* FixedText.swift */ = {isa = PBXFileReference; lastKnownFileType = sourcecode.swift; path = FixedText.swift; sourceTree = "<group>"; };
		FC8EEF8929F4F6C6006F35E0 /* DailyWeatherView.swift */ = {isa = PBXFileReference; lastKnownFileType = sourcecode.swift; path = DailyWeatherView.swift; sourceTree = "<group>"; };
		FC8EEF8B29F4F754006F35E0 /* DailyWeatherViewModel.swift */ = {isa = PBXFileReference; lastKnownFileType = sourcecode.swift; path = DailyWeatherViewModel.swift; sourceTree = "<group>"; };
		FC8EEF8D29F5035A006F35E0 /* CurrentWeatherViewModel.swift */ = {isa = PBXFileReference; lastKnownFileType = sourcecode.swift; path = CurrentWeatherViewModel.swift; sourceTree = "<group>"; };
		FC8EEF9129F506E0006F35E0 /* DayWeather.swift */ = {isa = PBXFileReference; lastKnownFileType = sourcecode.swift; path = DayWeather.swift; sourceTree = "<group>"; };
		FC8EEF9329F51374006F35E0 /* WeatherCode.swift */ = {isa = PBXFileReference; lastKnownFileType = sourcecode.swift; path = WeatherCode.swift; sourceTree = "<group>"; };
		FC8EEF9529F51F32006F35E0 /* DateFormatter+Extension.swift */ = {isa = PBXFileReference; lastKnownFileType = sourcecode.swift; path = "DateFormatter+Extension.swift"; sourceTree = "<group>"; };
		FC8EEF9729F523FB006F35E0 /* Date+Extension.swift */ = {isa = PBXFileReference; lastKnownFileType = sourcecode.swift; path = "Date+Extension.swift"; sourceTree = "<group>"; };
		FC8EEF9A29F56DF5006F35E0 /* CityValidation.swift */ = {isa = PBXFileReference; lastKnownFileType = sourcecode.swift; path = CityValidation.swift; sourceTree = "<group>"; };
		FC8EEF9C29F56E16006F35E0 /* CityValidationResult.swift */ = {isa = PBXFileReference; lastKnownFileType = sourcecode.swift; path = CityValidationResult.swift; sourceTree = "<group>"; };
		FC8EEF9F29F56EE7006F35E0 /* CityCompletion.swift */ = {isa = PBXFileReference; lastKnownFileType = sourcecode.swift; path = CityCompletion.swift; sourceTree = "<group>"; };
		FC8EEFA129F56F02006F35E0 /* CityCompletionResult.swift */ = {isa = PBXFileReference; lastKnownFileType = sourcecode.swift; path = CityCompletionResult.swift; sourceTree = "<group>"; };
		FC8EEFA429F56F33006F35E0 /* CityCompletionManager.swift */ = {isa = PBXFileReference; lastKnownFileType = sourcecode.swift; path = CityCompletionManager.swift; sourceTree = "<group>"; };
		FC8EEFA929F56F81006F35E0 /* CityStore.swift */ = {isa = PBXFileReference; lastKnownFileType = sourcecode.swift; path = CityStore.swift; sourceTree = "<group>"; };
		FC8EEFAE29F56FCE006F35E0 /* CityListView.swift */ = {isa = PBXFileReference; lastKnownFileType = sourcecode.swift; path = CityListView.swift; sourceTree = "<group>"; };
		FC8EEFB029F56FED006F35E0 /* CityRow.swift */ = {isa = PBXFileReference; lastKnownFileType = sourcecode.swift; path = CityRow.swift; sourceTree = "<group>"; };
		FC8EEFB229F57001006F35E0 /* NewCityView.swift */ = {isa = PBXFileReference; lastKnownFileType = sourcecode.swift; path = NewCityView.swift; sourceTree = "<group>"; };
		FC8EEFB429F57074006F35E0 /* NetworkManager.swift */ = {isa = PBXFileReference; lastKnownFileType = sourcecode.swift; path = NetworkManager.swift; sourceTree = "<group>"; };
		FC8EEFB629F58742006F35E0 /* Navigate.swift */ = {isa = PBXFileReference; lastKnownFileType = sourcecode.swift; path = Navigate.swift; sourceTree = "<group>"; };
		FC8EEFB829F587EA006F35E0 /* DeferView.swift */ = {isa = PBXFileReference; lastKnownFileType = sourcecode.swift; path = DeferView.swift; sourceTree = "<group>"; };
		FC8EF1E429F6CCB9006F35E0 /* UserDefault.swift */ = {isa = PBXFileReference; lastKnownFileType = sourcecode.swift; path = UserDefault.swift; sourceTree = "<group>"; };
		FC8EF1E629F6CCD9006F35E0 /* UDKey.swift */ = {isa = PBXFileReference; lastKnownFileType = sourcecode.swift; path = UDKey.swift; sourceTree = "<group>"; };
		FC8EF1E929F6E0CD006F35E0 /* Model.xcdatamodel */ = {isa = PBXFileReference; lastKnownFileType = wrapper.xcdatamodel; path = Model.xcdatamodel; sourceTree = "<group>"; };
		FC8EF34029F820B8006F35E0 /* Persistence.swift */ = {isa = PBXFileReference; lastKnownFileType = sourcecode.swift; path = Persistence.swift; sourceTree = "<group>"; };
		FCAA813F29AB5B3F000E9860 /* WeatherForecast.app */ = {isa = PBXFileReference; explicitFileType = wrapper.application; includeInIndex = 0; path = WeatherForecast.app; sourceTree = BUILT_PRODUCTS_DIR; };
		FCAA814229AB5B3F000E9860 /* WeatherForecastApp.swift */ = {isa = PBXFileReference; lastKnownFileType = sourcecode.swift; path = WeatherForecastApp.swift; sourceTree = "<group>"; };
		FCAA814629AB5B40000E9860 /* Assets.xcassets */ = {isa = PBXFileReference; lastKnownFileType = folder.assetcatalog; path = Assets.xcassets; sourceTree = "<group>"; };
		FCAA814929AB5B40000E9860 /* Preview Assets.xcassets */ = {isa = PBXFileReference; lastKnownFileType = folder.assetcatalog; path = "Preview Assets.xcassets"; sourceTree = "<group>"; };
		FCAA815029AB5B40000E9860 /* Info.plist */ = {isa = PBXFileReference; lastKnownFileType = text.plist.xml; path = Info.plist; sourceTree = "<group>"; };
		FCAA815529AB5B41000E9860 /* WeatherForecastTests.xctest */ = {isa = PBXFileReference; explicitFileType = wrapper.cfbundle; includeInIndex = 0; path = WeatherForecastTests.xctest; sourceTree = BUILT_PRODUCTS_DIR; };
		FCAA815929AB5B41000E9860 /* WeatherForecastTests.swift */ = {isa = PBXFileReference; lastKnownFileType = sourcecode.swift; path = WeatherForecastTests.swift; sourceTree = "<group>"; };
		FCAA815F29AB5B41000E9860 /* WeatherForecastUITests.xctest */ = {isa = PBXFileReference; explicitFileType = wrapper.cfbundle; includeInIndex = 0; path = WeatherForecastUITests.xctest; sourceTree = BUILT_PRODUCTS_DIR; };
		FCAA816329AB5B41000E9860 /* WeatherForecastUITests.swift */ = {isa = PBXFileReference; lastKnownFileType = sourcecode.swift; path = WeatherForecastUITests.swift; sourceTree = "<group>"; };
		FCAA816529AB5B41000E9860 /* WeatherForecastUITestsLaunchTests.swift */ = {isa = PBXFileReference; lastKnownFileType = sourcecode.swift; path = WeatherForecastUITestsLaunchTests.swift; sourceTree = "<group>"; };
		FCAA817229AB5B50000E9860 /* Weather.swift */ = {isa = PBXFileReference; lastKnownFileType = sourcecode.swift; path = Weather.swift; sourceTree = "<group>"; };
		FCAA817429AB5BF6000E9860 /* Model.json */ = {isa = PBXFileReference; lastKnownFileType = text.json; path = Model.json; sourceTree = "<group>"; };
		FCEFD71B29EE7E6C00F5122A /* WeatherFooterView.swift */ = {isa = PBXFileReference; lastKnownFileType = sourcecode.swift; path = WeatherFooterView.swift; sourceTree = "<group>"; };
		FCEFD71D29EE807800F5122A /* CurrentWeatherView.swift */ = {isa = PBXFileReference; lastKnownFileType = sourcecode.swift; path = CurrentWeatherView.swift; sourceTree = "<group>"; };
/* End PBXFileReference section */

/* Begin PBXFrameworksBuildPhase section */
		FCAA813C29AB5B3F000E9860 /* Frameworks */ = {
			isa = PBXFrameworksBuildPhase;
			buildActionMask = 2147483647;
			files = (
				FC8EF34629F821DE006F35E0 /* Collections in Frameworks */,
				FC8EF34829F821DE006F35E0 /* DequeModule in Frameworks */,
				FC8EF34A29F821DE006F35E0 /* OrderedCollections in Frameworks */,
			);
			runOnlyForDeploymentPostprocessing = 0;
		};
		FCAA815229AB5B41000E9860 /* Frameworks */ = {
			isa = PBXFrameworksBuildPhase;
			buildActionMask = 2147483647;
			files = (
			);
			runOnlyForDeploymentPostprocessing = 0;
		};
		FCAA815C29AB5B41000E9860 /* Frameworks */ = {
			isa = PBXFrameworksBuildPhase;
			buildActionMask = 2147483647;
			files = (
			);
			runOnlyForDeploymentPostprocessing = 0;
		};
/* End PBXFrameworksBuildPhase section */

/* Begin PBXGroup section */
		9215FAD729B443F000B86A2A /* Views */ = {
			isa = PBXGroup;
			children = (
				FC86C37629FA257A00B48A57 /* NewCityView */,
				FC8EEFAB29F56FA0006F35E0 /* CityListView */,
				9215FAD829B4440900B86A2A /* WeatherView */,
			);
			path = Views;
			sourceTree = "<group>";
		};
		9215FAD829B4440900B86A2A /* WeatherView */ = {
			isa = PBXGroup;
			children = (
				FC8EEF9029F5036D006F35E0 /* DailyWeatherView */,
				FC8EEF8F29F50364006F35E0 /* CurrentWeatherView */,
				FC86C39229FA84B400B48A57 /* WeatherPageView */,
				FC86C39529FA84D300B48A57 /* WeatherView */,
				FCEFD71B29EE7E6C00F5122A /* WeatherFooterView.swift */,
				FC6E687129EE766F00E2C839 /* WeatherHeaderView.swift */,
				FC6E686D29EE746C00E2C839 /* WeatherBackgroundView.swift */,
			);
			path = WeatherView;
			sourceTree = "<group>";
		};
		9215FADB29B445FA00B86A2A /* Resources */ = {
			isa = PBXGroup;
			children = (
				FCAA814629AB5B40000E9860 /* Assets.xcassets */,
				9215FAE329B447AB00B86A2A /* Colors.xcassets */,
				FCAA815029AB5B40000E9860 /* Info.plist */,
				FCAA814829AB5B40000E9860 /* Preview Content */,
			);
			path = Resources;
			sourceTree = "<group>";
		};
		9215FADC29B4462300B86A2A /* Model */ = {
			isa = PBXGroup;
			children = (
				FC8EEF9E29F56ED9006F35E0 /* City */,
				FC8EEF9929F56616006F35E0 /* WeatherService */,
				FCAA817229AB5B50000E9860 /* Weather.swift */,
				FC8EEF9329F51374006F35E0 /* WeatherCode.swift */,
				FC8EEF7B29F42988006F35E0 /* ServiceProvider.swift */,
			);
			path = Model;
			sourceTree = "<group>";
		};
		9215FAE529B447EB00B86A2A /* Utils */ = {
			isa = PBXGroup;
			children = (
				9215FAE629B447FA00B86A2A /* Colors.swift */,
				FC8EEF8729F42DFE006F35E0 /* FixedText.swift */,
				FC8EEF6D29F4229D006F35E0 /* Data+Extension.swift */,
				FC8EEF7129F422F2006F35E0 /* Logger.swift */,
				FC8EEF8129F42CF1006F35E0 /* UIConstants.swift */,
				FC8EEF6F29F422D1006F35E0 /* DecodingError+Extension.swift */,
				FC8EEF7729F42529006F35E0 /* LoadingState.swift */,
				FC8EEF7D29F42CB8006F35E0 /* ErrorPopup.swift */,
				FC8EEF8329F42D15006F35E0 /* Popup.swift */,
				FC8EEF8529F42D2F006F35E0 /* FrameGetter.swift */,
				FC8EEF7F29F42CDB006F35E0 /* AlertView.swift */,
				FC8EEF9529F51F32006F35E0 /* DateFormatter+Extension.swift */,
				FC8EEF9729F523FB006F35E0 /* Date+Extension.swift */,
				FC8EEFB629F58742006F35E0 /* Navigate.swift */,
				FC8EEFB829F587EA006F35E0 /* DeferView.swift */,
				FC8EF1E429F6CCB9006F35E0 /* UserDefault.swift */,
				FC8EF1E629F6CCD9006F35E0 /* UDKey.swift */,
				FC86C38E29FA833F00B48A57 /* PageControl.swift */,
			);
			path = Utils;
			sourceTree = "<group>";
		};
		FC86C37629FA257A00B48A57 /* NewCityView */ = {
			isa = PBXGroup;
			children = (
				FC8EEFB229F57001006F35E0 /* NewCityView.swift */,
				FC86C37729FA259500B48A57 /* NewCityViewModel.swift */,
			);
			path = NewCityView;
			sourceTree = "<group>";
		};
		FC86C37B29FA25B000B48A57 /* CityRow */ = {
			isa = PBXGroup;
			children = (
				FC8EEFB029F56FED006F35E0 /* CityRow.swift */,
			);
			path = CityRow;
			sourceTree = "<group>";
		};
		FC86C39229FA84B400B48A57 /* WeatherPageView */ = {
			isa = PBXGroup;
			children = (
				FC86C39029FA83F200B48A57 /* WeatherPageView.swift */,
				FC6E687329EE77E500E2C839 /* WeatherPageViewModel.swift */,
			);
			path = WeatherPageView;
			sourceTree = "<group>";
		};
		FC86C39529FA84D300B48A57 /* WeatherView */ = {
			isa = PBXGroup;
			children = (
				FC6E686F29EE74A100E2C839 /* WeatherView.swift */,
				FC86C39329FA84CC00B48A57 /* WeatherViewModel.swift */,
			);
			path = WeatherView;
			sourceTree = "<group>";
		};
		FC8EEF5C29F42015006F35E0 /* Networking */ = {
			isa = PBXGroup;
			children = (
				FC8EEF5D29F42026006F35E0 /* RequestType.swift */,
				FC8EEF5F29F42039006F35E0 /* API.swift */,
				FC8EEF6129F42078006F35E0 /* APIManager.swift */,
				FC8EEF6729F42226006F35E0 /* RequestError.swift */,
				FC8EEF6929F42240006F35E0 /* APIResponse.swift */,
				FC8EEF6B29F4225A006F35E0 /* APIResponseError.swift */,
				FC8EEF6529F4217F006F35E0 /* ServerEnvironment.swift */,
				FC8EEF6329F42126006F35E0 /* Endpoint.swift */,
				FC8EEFB429F57074006F35E0 /* NetworkManager.swift */,
			);
			path = Networking;
			sourceTree = "<group>";
		};
		FC8EEF8F29F50364006F35E0 /* CurrentWeatherView */ = {
			isa = PBXGroup;
			children = (
				FCEFD71D29EE807800F5122A /* CurrentWeatherView.swift */,
				FC8EEF8D29F5035A006F35E0 /* CurrentWeatherViewModel.swift */,
			);
			path = CurrentWeatherView;
			sourceTree = "<group>";
		};
		FC8EEF9029F5036D006F35E0 /* DailyWeatherView */ = {
			isa = PBXGroup;
			children = (
				FC8EEF8929F4F6C6006F35E0 /* DailyWeatherView.swift */,
				FC8EEF8B29F4F754006F35E0 /* DailyWeatherViewModel.swift */,
				FC8EEF9129F506E0006F35E0 /* DayWeather.swift */,
			);
			path = DailyWeatherView;
			sourceTree = "<group>";
		};
		FC8EEF9929F56616006F35E0 /* WeatherService */ = {
			isa = PBXGroup;
			children = (
				FC8EEF7329F423B7006F35E0 /* WeatherService.swift */,
				FC8EEF7929F42597006F35E0 /* WeatherServiceStore.swift */,
				FC8EEF7529F423CB006F35E0 /* WeatherServiceEndpoint.swift */,
			);
			path = WeatherService;
			sourceTree = "<group>";
		};
		FC8EEF9E29F56ED9006F35E0 /* City */ = {
			isa = PBXGroup;
			children = (
				FC8EEFA329F56F1F006F35E0 /* Validation */,
				FC8EEFA629F56F4A006F35E0 /* Completion */,
				FC8EEFA929F56F81006F35E0 /* CityStore.swift */,
			);
			path = City;
			sourceTree = "<group>";
		};
		FC8EEFA329F56F1F006F35E0 /* Validation */ = {
			isa = PBXGroup;
			children = (
				FC8EEF9A29F56DF5006F35E0 /* CityValidation.swift */,
				FC8EEF9C29F56E16006F35E0 /* CityValidationResult.swift */,
			);
			path = Validation;
			sourceTree = "<group>";
		};
		FC8EEFA629F56F4A006F35E0 /* Completion */ = {
			isa = PBXGroup;
			children = (
				FC8EEFA129F56F02006F35E0 /* CityCompletionResult.swift */,
				FC8EEF9F29F56EE7006F35E0 /* CityCompletion.swift */,
				FC8EEFA429F56F33006F35E0 /* CityCompletionManager.swift */,
			);
			path = Completion;
			sourceTree = "<group>";
		};
		FC8EEFAB29F56FA0006F35E0 /* CityListView */ = {
			isa = PBXGroup;
			children = (
				FC86C37B29FA25B000B48A57 /* CityRow */,
				FC8EEFAE29F56FCE006F35E0 /* CityListView.swift */,
				FC86C37929FA259F00B48A57 /* CityListViewModel.swift */,
			);
			path = CityListView;
			sourceTree = "<group>";
		};
		FC8EF33F29F820A7006F35E0 /* CoreData */ = {
			isa = PBXGroup;
			children = (
				FC8EF1E829F6E0CD006F35E0 /* CoreDataModel.xcdatamodeld */,
				FC8EF34029F820B8006F35E0 /* Persistence.swift */,
			);
			path = CoreData;
			sourceTree = "<group>";
		};
		FCAA813629AB5B3F000E9860 = {
			isa = PBXGroup;
			children = (
				FCAA814129AB5B3F000E9860 /* WeatherForecast */,
				FCAA815829AB5B41000E9860 /* WeatherForecastTests */,
				FCAA816229AB5B41000E9860 /* WeatherForecastUITests */,
				FCAA814029AB5B3F000E9860 /* Products */,
			);
			sourceTree = "<group>";
		};
		FCAA814029AB5B3F000E9860 /* Products */ = {
			isa = PBXGroup;
			children = (
				FCAA813F29AB5B3F000E9860 /* WeatherForecast.app */,
				FCAA815529AB5B41000E9860 /* WeatherForecastTests.xctest */,
				FCAA815F29AB5B41000E9860 /* WeatherForecastUITests.xctest */,
			);
			name = Products;
			sourceTree = "<group>";
		};
		FCAA814129AB5B3F000E9860 /* WeatherForecast */ = {
			isa = PBXGroup;
			children = (
				FC8EF33F29F820A7006F35E0 /* CoreData */,
				FC8EEF5C29F42015006F35E0 /* Networking */,
				9215FAD729B443F000B86A2A /* Views */,
				9215FADC29B4462300B86A2A /* Model */,
				9215FADB29B445FA00B86A2A /* Resources */,
				9215FAE529B447EB00B86A2A /* Utils */,
				FCAA814229AB5B3F000E9860 /* WeatherForecastApp.swift */,
			);
			path = WeatherForecast;
			sourceTree = "<group>";
		};
		FCAA814829AB5B40000E9860 /* Preview Content */ = {
			isa = PBXGroup;
			children = (
				FCAA817429AB5BF6000E9860 /* Model.json */,
				FCAA814929AB5B40000E9860 /* Preview Assets.xcassets */,
			);
			path = "Preview Content";
			sourceTree = "<group>";
		};
		FCAA815829AB5B41000E9860 /* WeatherForecastTests */ = {
			isa = PBXGroup;
			children = (
				FCAA815929AB5B41000E9860 /* WeatherForecastTests.swift */,
			);
			path = WeatherForecastTests;
			sourceTree = "<group>";
		};
		FCAA816229AB5B41000E9860 /* WeatherForecastUITests */ = {
			isa = PBXGroup;
			children = (
				FCAA816329AB5B41000E9860 /* WeatherForecastUITests.swift */,
				FCAA816529AB5B41000E9860 /* WeatherForecastUITestsLaunchTests.swift */,
			);
			path = WeatherForecastUITests;
			sourceTree = "<group>";
		};
/* End PBXGroup section */

/* Begin PBXNativeTarget section */
		FCAA813E29AB5B3F000E9860 /* WeatherForecast */ = {
			isa = PBXNativeTarget;
			buildConfigurationList = FCAA816929AB5B41000E9860 /* Build configuration list for PBXNativeTarget "WeatherForecast" */;
			buildPhases = (
				FCAA813B29AB5B3F000E9860 /* Sources */,
				FCAA813C29AB5B3F000E9860 /* Frameworks */,
				FCAA813D29AB5B3F000E9860 /* Resources */,
			);
			buildRules = (
			);
			dependencies = (
			);
			name = WeatherForecast;
			packageProductDependencies = (
				FC8EF34529F821DE006F35E0 /* Collections */,
				FC8EF34729F821DE006F35E0 /* DequeModule */,
				FC8EF34929F821DE006F35E0 /* OrderedCollections */,
			);
			productName = WeatherForecast;
			productReference = FCAA813F29AB5B3F000E9860 /* WeatherForecast.app */;
			productType = "com.apple.product-type.application";
		};
		FCAA815429AB5B41000E9860 /* WeatherForecastTests */ = {
			isa = PBXNativeTarget;
			buildConfigurationList = FCAA816C29AB5B41000E9860 /* Build configuration list for PBXNativeTarget "WeatherForecastTests" */;
			buildPhases = (
				FCAA815129AB5B41000E9860 /* Sources */,
				FCAA815229AB5B41000E9860 /* Frameworks */,
				FCAA815329AB5B41000E9860 /* Resources */,
			);
			buildRules = (
			);
			dependencies = (
				FCAA815729AB5B41000E9860 /* PBXTargetDependency */,
			);
			name = WeatherForecastTests;
			productName = WeatherForecastTests;
			productReference = FCAA815529AB5B41000E9860 /* WeatherForecastTests.xctest */;
			productType = "com.apple.product-type.bundle.unit-test";
		};
		FCAA815E29AB5B41000E9860 /* WeatherForecastUITests */ = {
			isa = PBXNativeTarget;
			buildConfigurationList = FCAA816F29AB5B41000E9860 /* Build configuration list for PBXNativeTarget "WeatherForecastUITests" */;
			buildPhases = (
				FCAA815B29AB5B41000E9860 /* Sources */,
				FCAA815C29AB5B41000E9860 /* Frameworks */,
				FCAA815D29AB5B41000E9860 /* Resources */,
			);
			buildRules = (
			);
			dependencies = (
				FCAA816129AB5B41000E9860 /* PBXTargetDependency */,
			);
			name = WeatherForecastUITests;
			productName = WeatherForecastUITests;
			productReference = FCAA815F29AB5B41000E9860 /* WeatherForecastUITests.xctest */;
			productType = "com.apple.product-type.bundle.ui-testing";
		};
/* End PBXNativeTarget section */

/* Begin PBXProject section */
		FCAA813729AB5B3F000E9860 /* Project object */ = {
			isa = PBXProject;
			attributes = {
				BuildIndependentTargetsInParallel = 1;
				LastSwiftUpdateCheck = 1420;
				LastUpgradeCheck = 1420;
				TargetAttributes = {
					FCAA813E29AB5B3F000E9860 = {
						CreatedOnToolsVersion = 14.2;
					};
					FCAA815429AB5B41000E9860 = {
						CreatedOnToolsVersion = 14.2;
						TestTargetID = FCAA813E29AB5B3F000E9860;
					};
					FCAA815E29AB5B41000E9860 = {
						CreatedOnToolsVersion = 14.2;
						TestTargetID = FCAA813E29AB5B3F000E9860;
					};
				};
			};
			buildConfigurationList = FCAA813A29AB5B3F000E9860 /* Build configuration list for PBXProject "WeatherForecast" */;
			compatibilityVersion = "Xcode 14.0";
			developmentRegion = en;
			hasScannedForEncodings = 0;
			knownRegions = (
				en,
				Base,
			);
			mainGroup = FCAA813629AB5B3F000E9860;
			packageReferences = (
				FC8EF34429F821DE006F35E0 /* XCRemoteSwiftPackageReference "swift-collections" */,
			);
			productRefGroup = FCAA814029AB5B3F000E9860 /* Products */;
			projectDirPath = "";
			projectRoot = "";
			targets = (
				FCAA813E29AB5B3F000E9860 /* WeatherForecast */,
				FCAA815429AB5B41000E9860 /* WeatherForecastTests */,
				FCAA815E29AB5B41000E9860 /* WeatherForecastUITests */,
			);
		};
/* End PBXProject section */

/* Begin PBXResourcesBuildPhase section */
		FCAA813D29AB5B3F000E9860 /* Resources */ = {
			isa = PBXResourcesBuildPhase;
			buildActionMask = 2147483647;
			files = (
				FCAA814A29AB5B40000E9860 /* Preview Assets.xcassets in Resources */,
				9215FAE429B447AB00B86A2A /* Colors.xcassets in Resources */,
				FCAA814729AB5B40000E9860 /* Assets.xcassets in Resources */,
				FCAA817529AB5BF6000E9860 /* Model.json in Resources */,
			);
			runOnlyForDeploymentPostprocessing = 0;
		};
		FCAA815329AB5B41000E9860 /* Resources */ = {
			isa = PBXResourcesBuildPhase;
			buildActionMask = 2147483647;
			files = (
			);
			runOnlyForDeploymentPostprocessing = 0;
		};
		FCAA815D29AB5B41000E9860 /* Resources */ = {
			isa = PBXResourcesBuildPhase;
			buildActionMask = 2147483647;
			files = (
			);
			runOnlyForDeploymentPostprocessing = 0;
		};
/* End PBXResourcesBuildPhase section */

/* Begin PBXSourcesBuildPhase section */
		FCAA813B29AB5B3F000E9860 /* Sources */ = {
			isa = PBXSourcesBuildPhase;
			buildActionMask = 2147483647;
			files = (
				FC8EEF7C29F42988006F35E0 /* ServiceProvider.swift in Sources */,
				FC8EEFAA29F56F81006F35E0 /* CityStore.swift in Sources */,
				FC8EEFB129F56FED006F35E0 /* CityRow.swift in Sources */,
				FC8EF1EA29F6E0CD006F35E0 /* CoreDataModel.xcdatamodeld in Sources */,
				FCAA817329AB5B50000E9860 /* Weather.swift in Sources */,
				FC8EEF8629F42D2F006F35E0 /* FrameGetter.swift in Sources */,
				FC8EEFA229F56F02006F35E0 /* CityCompletionResult.swift in Sources */,
				FC8EEF7229F422F2006F35E0 /* Logger.swift in Sources */,
				FC8EEF7A29F42597006F35E0 /* WeatherServiceStore.swift in Sources */,
				FC8EEF9829F523FB006F35E0 /* Date+Extension.swift in Sources */,
				FC6E687429EE77E500E2C839 /* WeatherPageViewModel.swift in Sources */,
				9215FAE729B447FA00B86A2A /* Colors.swift in Sources */,
				FC8EEF7429F423B7006F35E0 /* WeatherService.swift in Sources */,
				FC8EEF6C29F4225A006F35E0 /* APIResponseError.swift in Sources */,
				FC8EEF6429F42126006F35E0 /* Endpoint.swift in Sources */,
				FCEFD71C29EE7E6C00F5122A /* WeatherFooterView.swift in Sources */,
				FC86C39429FA84CC00B48A57 /* WeatherViewModel.swift in Sources */,
				FC8EF1E729F6CCD9006F35E0 /* UDKey.swift in Sources */,
				FC8EEF7629F423CB006F35E0 /* WeatherServiceEndpoint.swift in Sources */,
				FC8EEF8429F42D15006F35E0 /* Popup.swift in Sources */,
				FCAA814329AB5B3F000E9860 /* WeatherForecastApp.swift in Sources */,
				FC8EEF8E29F5035A006F35E0 /* CurrentWeatherViewModel.swift in Sources */,
				FC8EEF6229F42078006F35E0 /* APIManager.swift in Sources */,
				FC6E686E29EE746C00E2C839 /* WeatherBackgroundView.swift in Sources */,
				FC8EEFB729F58743006F35E0 /* Navigate.swift in Sources */,
				FC8EEF9429F51374006F35E0 /* WeatherCode.swift in Sources */,
				FC8EEF6029F42039006F35E0 /* API.swift in Sources */,
				FC8EEF9D29F56E16006F35E0 /* CityValidationResult.swift in Sources */,
				FC8EEFB529F57074006F35E0 /* NetworkManager.swift in Sources */,
				FC8EEF8229F42CF2006F35E0 /* UIConstants.swift in Sources */,
				FC6E687229EE766F00E2C839 /* WeatherHeaderView.swift in Sources */,
				FC6E687029EE74A100E2C839 /* WeatherView.swift in Sources */,
				FC8EEFA029F56EE7006F35E0 /* CityCompletion.swift in Sources */,
				FC8EEF8829F42DFE006F35E0 /* FixedText.swift in Sources */,
				FCEFD71E29EE807800F5122A /* CurrentWeatherView.swift in Sources */,
				FC8EEF6629F4217F006F35E0 /* ServerEnvironment.swift in Sources */,
				FC8EF34129F820B8006F35E0 /* Persistence.swift in Sources */,
				FC8EEF7E29F42CB8006F35E0 /* ErrorPopup.swift in Sources */,
				FC8EEF7029F422D1006F35E0 /* DecodingError+Extension.swift in Sources */,
				FC8EEF6829F42226006F35E0 /* RequestError.swift in Sources */,
				FC8EEF9629F51F32006F35E0 /* DateFormatter+Extension.swift in Sources */,
				FC86C39129FA83F200B48A57 /* WeatherPageView.swift in Sources */,
				FC8EEF6E29F4229D006F35E0 /* Data+Extension.swift in Sources */,
				FC8EEF7829F42529006F35E0 /* LoadingState.swift in Sources */,
				FC8EEFB329F57001006F35E0 /* NewCityView.swift in Sources */,
				FC8EEFA529F56F33006F35E0 /* CityCompletionManager.swift in Sources */,
				FC8EEF9229F506E0006F35E0 /* DayWeather.swift in Sources */,
				FC8EEF9B29F56DF5006F35E0 /* CityValidation.swift in Sources */,
				FC8EEF8029F42CDB006F35E0 /* AlertView.swift in Sources */,
				FC8EEF8C29F4F754006F35E0 /* DailyWeatherViewModel.swift in Sources */,
				FC8EEF8A29F4F6C6006F35E0 /* DailyWeatherView.swift in Sources */,
				FC86C37A29FA259F00B48A57 /* CityListViewModel.swift in Sources */,
				FC8EEFB929F587EA006F35E0 /* DeferView.swift in Sources */,
				FC8EF1E529F6CCB9006F35E0 /* UserDefault.swift in Sources */,
				FC8EEFAF29F56FCE006F35E0 /* CityListView.swift in Sources */,
				FC86C37829FA259500B48A57 /* NewCityViewModel.swift in Sources */,
				FC8EEF5E29F42026006F35E0 /* RequestType.swift in Sources */,
				FC8EEF6A29F42240006F35E0 /* APIResponse.swift in Sources */,
				FC86C38F29FA833F00B48A57 /* PageControl.swift in Sources */,
			);
			runOnlyForDeploymentPostprocessing = 0;
		};
		FCAA815129AB5B41000E9860 /* Sources */ = {
			isa = PBXSourcesBuildPhase;
			buildActionMask = 2147483647;
			files = (
				FCAA815A29AB5B41000E9860 /* WeatherForecastTests.swift in Sources */,
			);
			runOnlyForDeploymentPostprocessing = 0;
		};
		FCAA815B29AB5B41000E9860 /* Sources */ = {
			isa = PBXSourcesBuildPhase;
			buildActionMask = 2147483647;
			files = (
				FCAA816629AB5B41000E9860 /* WeatherForecastUITestsLaunchTests.swift in Sources */,
				FCAA816429AB5B41000E9860 /* WeatherForecastUITests.swift in Sources */,
			);
			runOnlyForDeploymentPostprocessing = 0;
		};
/* End PBXSourcesBuildPhase section */

/* Begin PBXTargetDependency section */
		FCAA815729AB5B41000E9860 /* PBXTargetDependency */ = {
			isa = PBXTargetDependency;
			target = FCAA813E29AB5B3F000E9860 /* WeatherForecast */;
			targetProxy = FCAA815629AB5B41000E9860 /* PBXContainerItemProxy */;
		};
		FCAA816129AB5B41000E9860 /* PBXTargetDependency */ = {
			isa = PBXTargetDependency;
			target = FCAA813E29AB5B3F000E9860 /* WeatherForecast */;
			targetProxy = FCAA816029AB5B41000E9860 /* PBXContainerItemProxy */;
		};
/* End PBXTargetDependency section */

/* Begin XCBuildConfiguration section */
		FCAA816729AB5B41000E9860 /* Debug */ = {
			isa = XCBuildConfiguration;
			buildSettings = {
				ALWAYS_SEARCH_USER_PATHS = NO;
				CLANG_ANALYZER_NONNULL = YES;
				CLANG_ANALYZER_NUMBER_OBJECT_CONVERSION = YES_AGGRESSIVE;
				CLANG_CXX_LANGUAGE_STANDARD = "gnu++20";
				CLANG_ENABLE_MODULES = YES;
				CLANG_ENABLE_OBJC_ARC = YES;
				CLANG_ENABLE_OBJC_WEAK = YES;
				CLANG_WARN_BLOCK_CAPTURE_AUTORELEASING = YES;
				CLANG_WARN_BOOL_CONVERSION = YES;
				CLANG_WARN_COMMA = YES;
				CLANG_WARN_CONSTANT_CONVERSION = YES;
				CLANG_WARN_DEPRECATED_OBJC_IMPLEMENTATIONS = YES;
				CLANG_WARN_DIRECT_OBJC_ISA_USAGE = YES_ERROR;
				CLANG_WARN_DOCUMENTATION_COMMENTS = YES;
				CLANG_WARN_EMPTY_BODY = YES;
				CLANG_WARN_ENUM_CONVERSION = YES;
				CLANG_WARN_INFINITE_RECURSION = YES;
				CLANG_WARN_INT_CONVERSION = YES;
				CLANG_WARN_NON_LITERAL_NULL_CONVERSION = YES;
				CLANG_WARN_OBJC_IMPLICIT_RETAIN_SELF = YES;
				CLANG_WARN_OBJC_LITERAL_CONVERSION = YES;
				CLANG_WARN_OBJC_ROOT_CLASS = YES_ERROR;
				CLANG_WARN_QUOTED_INCLUDE_IN_FRAMEWORK_HEADER = YES;
				CLANG_WARN_RANGE_LOOP_ANALYSIS = YES;
				CLANG_WARN_STRICT_PROTOTYPES = YES;
				CLANG_WARN_SUSPICIOUS_MOVE = YES;
				CLANG_WARN_UNGUARDED_AVAILABILITY = YES_AGGRESSIVE;
				CLANG_WARN_UNREACHABLE_CODE = YES;
				CLANG_WARN__DUPLICATE_METHOD_MATCH = YES;
				COPY_PHASE_STRIP = NO;
				DEBUG_INFORMATION_FORMAT = dwarf;
				ENABLE_STRICT_OBJC_MSGSEND = YES;
				ENABLE_TESTABILITY = YES;
				GCC_C_LANGUAGE_STANDARD = gnu11;
				GCC_DYNAMIC_NO_PIC = NO;
				GCC_NO_COMMON_BLOCKS = YES;
				GCC_OPTIMIZATION_LEVEL = 0;
				GCC_PREPROCESSOR_DEFINITIONS = (
					"DEBUG=1",
					"$(inherited)",
				);
				GCC_WARN_64_TO_32_BIT_CONVERSION = YES;
				GCC_WARN_ABOUT_RETURN_TYPE = YES_ERROR;
				GCC_WARN_UNDECLARED_SELECTOR = YES;
				GCC_WARN_UNINITIALIZED_AUTOS = YES_AGGRESSIVE;
				GCC_WARN_UNUSED_FUNCTION = YES;
				GCC_WARN_UNUSED_VARIABLE = YES;
				IPHONEOS_DEPLOYMENT_TARGET = 16.2;
				MTL_ENABLE_DEBUG_INFO = INCLUDE_SOURCE;
				MTL_FAST_MATH = YES;
				ONLY_ACTIVE_ARCH = YES;
				SDKROOT = iphoneos;
				SWIFT_ACTIVE_COMPILATION_CONDITIONS = DEBUG;
				SWIFT_OPTIMIZATION_LEVEL = "-Onone";
			};
			name = Debug;
		};
		FCAA816829AB5B41000E9860 /* Release */ = {
			isa = XCBuildConfiguration;
			buildSettings = {
				ALWAYS_SEARCH_USER_PATHS = NO;
				CLANG_ANALYZER_NONNULL = YES;
				CLANG_ANALYZER_NUMBER_OBJECT_CONVERSION = YES_AGGRESSIVE;
				CLANG_CXX_LANGUAGE_STANDARD = "gnu++20";
				CLANG_ENABLE_MODULES = YES;
				CLANG_ENABLE_OBJC_ARC = YES;
				CLANG_ENABLE_OBJC_WEAK = YES;
				CLANG_WARN_BLOCK_CAPTURE_AUTORELEASING = YES;
				CLANG_WARN_BOOL_CONVERSION = YES;
				CLANG_WARN_COMMA = YES;
				CLANG_WARN_CONSTANT_CONVERSION = YES;
				CLANG_WARN_DEPRECATED_OBJC_IMPLEMENTATIONS = YES;
				CLANG_WARN_DIRECT_OBJC_ISA_USAGE = YES_ERROR;
				CLANG_WARN_DOCUMENTATION_COMMENTS = YES;
				CLANG_WARN_EMPTY_BODY = YES;
				CLANG_WARN_ENUM_CONVERSION = YES;
				CLANG_WARN_INFINITE_RECURSION = YES;
				CLANG_WARN_INT_CONVERSION = YES;
				CLANG_WARN_NON_LITERAL_NULL_CONVERSION = YES;
				CLANG_WARN_OBJC_IMPLICIT_RETAIN_SELF = YES;
				CLANG_WARN_OBJC_LITERAL_CONVERSION = YES;
				CLANG_WARN_OBJC_ROOT_CLASS = YES_ERROR;
				CLANG_WARN_QUOTED_INCLUDE_IN_FRAMEWORK_HEADER = YES;
				CLANG_WARN_RANGE_LOOP_ANALYSIS = YES;
				CLANG_WARN_STRICT_PROTOTYPES = YES;
				CLANG_WARN_SUSPICIOUS_MOVE = YES;
				CLANG_WARN_UNGUARDED_AVAILABILITY = YES_AGGRESSIVE;
				CLANG_WARN_UNREACHABLE_CODE = YES;
				CLANG_WARN__DUPLICATE_METHOD_MATCH = YES;
				COPY_PHASE_STRIP = NO;
				DEBUG_INFORMATION_FORMAT = "dwarf-with-dsym";
				ENABLE_NS_ASSERTIONS = NO;
				ENABLE_STRICT_OBJC_MSGSEND = YES;
				GCC_C_LANGUAGE_STANDARD = gnu11;
				GCC_NO_COMMON_BLOCKS = YES;
				GCC_WARN_64_TO_32_BIT_CONVERSION = YES;
				GCC_WARN_ABOUT_RETURN_TYPE = YES_ERROR;
				GCC_WARN_UNDECLARED_SELECTOR = YES;
				GCC_WARN_UNINITIALIZED_AUTOS = YES_AGGRESSIVE;
				GCC_WARN_UNUSED_FUNCTION = YES;
				GCC_WARN_UNUSED_VARIABLE = YES;
				IPHONEOS_DEPLOYMENT_TARGET = 16.2;
				MTL_ENABLE_DEBUG_INFO = NO;
				MTL_FAST_MATH = YES;
				SDKROOT = iphoneos;
				SWIFT_COMPILATION_MODE = wholemodule;
				SWIFT_OPTIMIZATION_LEVEL = "-O";
				VALIDATE_PRODUCT = YES;
			};
			name = Release;
		};
		FCAA816A29AB5B41000E9860 /* Debug */ = {
			isa = XCBuildConfiguration;
			buildSettings = {
				ASSETCATALOG_COMPILER_APPICON_NAME = AppIcon;
				ASSETCATALOG_COMPILER_GLOBAL_ACCENT_COLOR_NAME = AccentColor;
				CODE_SIGN_STYLE = Automatic;
				CURRENT_PROJECT_VERSION = 1;
				DEVELOPMENT_ASSET_PATHS = "\"WeatherForecast/Resources/Preview Content\"";
				DEVELOPMENT_TEAM = XFV3M47D7P;
				ENABLE_PREVIEWS = YES;
				GENERATE_INFOPLIST_FILE = YES;
				INFOPLIST_FILE = WeatherForecast/Resources/Info.plist;
				INFOPLIST_KEY_UIApplicationSceneManifest_Generation = YES;
				INFOPLIST_KEY_UIApplicationSupportsIndirectInputEvents = YES;
				INFOPLIST_KEY_UILaunchScreen_Generation = YES;
				INFOPLIST_KEY_UISupportedInterfaceOrientations = UIInterfaceOrientationPortrait;
				INFOPLIST_KEY_UISupportedInterfaceOrientations_iPad = "UIInterfaceOrientationLandscapeLeft UIInterfaceOrientationLandscapeRight UIInterfaceOrientationPortrait UIInterfaceOrientationPortraitUpsideDown";
				IPHONEOS_DEPLOYMENT_TARGET = 16.0;
				LD_RUNPATH_SEARCH_PATHS = (
					"$(inherited)",
					"@executable_path/Frameworks",
				);
				MARKETING_VERSION = 1.0;
				PRODUCT_BUNDLE_IDENTIFIER = ru.alwawee.WeatherForecast;
				PRODUCT_NAME = "$(TARGET_NAME)";
				SWIFT_EMIT_LOC_STRINGS = YES;
				SWIFT_VERSION = 5.0;
				TARGETED_DEVICE_FAMILY = "1,2";
			};
			name = Debug;
		};
		FCAA816B29AB5B41000E9860 /* Release */ = {
			isa = XCBuildConfiguration;
			buildSettings = {
				ASSETCATALOG_COMPILER_APPICON_NAME = AppIcon;
				ASSETCATALOG_COMPILER_GLOBAL_ACCENT_COLOR_NAME = AccentColor;
				CODE_SIGN_STYLE = Automatic;
				CURRENT_PROJECT_VERSION = 1;
				DEVELOPMENT_ASSET_PATHS = "\"WeatherForecast/Resources/Preview Content\"";
				DEVELOPMENT_TEAM = XFV3M47D7P;
				ENABLE_PREVIEWS = YES;
				GENERATE_INFOPLIST_FILE = YES;
				INFOPLIST_FILE = WeatherForecast/Resources/Info.plist;
				INFOPLIST_KEY_UIApplicationSceneManifest_Generation = YES;
				INFOPLIST_KEY_UIApplicationSupportsIndirectInputEvents = YES;
				INFOPLIST_KEY_UILaunchScreen_Generation = YES;
				INFOPLIST_KEY_UISupportedInterfaceOrientations = UIInterfaceOrientationPortrait;
				INFOPLIST_KEY_UISupportedInterfaceOrientations_iPad = "UIInterfaceOrientationLandscapeLeft UIInterfaceOrientationLandscapeRight UIInterfaceOrientationPortrait UIInterfaceOrientationPortraitUpsideDown";
				IPHONEOS_DEPLOYMENT_TARGET = 16.0;
				LD_RUNPATH_SEARCH_PATHS = (
					"$(inherited)",
					"@executable_path/Frameworks",
				);
				MARKETING_VERSION = 1.0;
				PRODUCT_BUNDLE_IDENTIFIER = ru.alwawee.WeatherForecast;
				PRODUCT_NAME = "$(TARGET_NAME)";
				SWIFT_EMIT_LOC_STRINGS = YES;
				SWIFT_VERSION = 5.0;
				TARGETED_DEVICE_FAMILY = "1,2";
			};
			name = Release;
		};
		FCAA816D29AB5B41000E9860 /* Debug */ = {
			isa = XCBuildConfiguration;
			buildSettings = {
				ALWAYS_EMBED_SWIFT_STANDARD_LIBRARIES = YES;
				BUNDLE_LOADER = "$(TEST_HOST)";
				CODE_SIGN_STYLE = Automatic;
				CURRENT_PROJECT_VERSION = 1;
				DEVELOPMENT_TEAM = XFV3M47D7P;
				GENERATE_INFOPLIST_FILE = YES;
				IPHONEOS_DEPLOYMENT_TARGET = 16.2;
				MARKETING_VERSION = 1.0;
				PRODUCT_BUNDLE_IDENTIFIER = ru.alwawee.WeatherForecastTests;
				PRODUCT_NAME = "$(TARGET_NAME)";
				SWIFT_EMIT_LOC_STRINGS = NO;
				SWIFT_VERSION = 5.0;
				TARGETED_DEVICE_FAMILY = "1,2";
				TEST_HOST = "$(BUILT_PRODUCTS_DIR)/WeatherForecast.app/$(BUNDLE_EXECUTABLE_FOLDER_PATH)/WeatherForecast";
			};
			name = Debug;
		};
		FCAA816E29AB5B41000E9860 /* Release */ = {
			isa = XCBuildConfiguration;
			buildSettings = {
				ALWAYS_EMBED_SWIFT_STANDARD_LIBRARIES = YES;
				BUNDLE_LOADER = "$(TEST_HOST)";
				CODE_SIGN_STYLE = Automatic;
				CURRENT_PROJECT_VERSION = 1;
				DEVELOPMENT_TEAM = XFV3M47D7P;
				GENERATE_INFOPLIST_FILE = YES;
				IPHONEOS_DEPLOYMENT_TARGET = 16.2;
				MARKETING_VERSION = 1.0;
				PRODUCT_BUNDLE_IDENTIFIER = ru.alwawee.WeatherForecastTests;
				PRODUCT_NAME = "$(TARGET_NAME)";
				SWIFT_EMIT_LOC_STRINGS = NO;
				SWIFT_VERSION = 5.0;
				TARGETED_DEVICE_FAMILY = "1,2";
				TEST_HOST = "$(BUILT_PRODUCTS_DIR)/WeatherForecast.app/$(BUNDLE_EXECUTABLE_FOLDER_PATH)/WeatherForecast";
			};
			name = Release;
		};
		FCAA817029AB5B41000E9860 /* Debug */ = {
			isa = XCBuildConfiguration;
			buildSettings = {
				ALWAYS_EMBED_SWIFT_STANDARD_LIBRARIES = YES;
				CODE_SIGN_STYLE = Automatic;
				CURRENT_PROJECT_VERSION = 1;
				DEVELOPMENT_TEAM = XFV3M47D7P;
				GENERATE_INFOPLIST_FILE = YES;
				MARKETING_VERSION = 1.0;
				PRODUCT_BUNDLE_IDENTIFIER = ru.alwawee.WeatherForecastUITests;
				PRODUCT_NAME = "$(TARGET_NAME)";
				SWIFT_EMIT_LOC_STRINGS = NO;
				SWIFT_VERSION = 5.0;
				TARGETED_DEVICE_FAMILY = "1,2";
				TEST_TARGET_NAME = WeatherForecast;
			};
			name = Debug;
		};
		FCAA817129AB5B41000E9860 /* Release */ = {
			isa = XCBuildConfiguration;
			buildSettings = {
				ALWAYS_EMBED_SWIFT_STANDARD_LIBRARIES = YES;
				CODE_SIGN_STYLE = Automatic;
				CURRENT_PROJECT_VERSION = 1;
				DEVELOPMENT_TEAM = XFV3M47D7P;
				GENERATE_INFOPLIST_FILE = YES;
				MARKETING_VERSION = 1.0;
				PRODUCT_BUNDLE_IDENTIFIER = ru.alwawee.WeatherForecastUITests;
				PRODUCT_NAME = "$(TARGET_NAME)";
				SWIFT_EMIT_LOC_STRINGS = NO;
				SWIFT_VERSION = 5.0;
				TARGETED_DEVICE_FAMILY = "1,2";
				TEST_TARGET_NAME = WeatherForecast;
			};
			name = Release;
		};
/* End XCBuildConfiguration section */

/* Begin XCConfigurationList section */
		FCAA813A29AB5B3F000E9860 /* Build configuration list for PBXProject "WeatherForecast" */ = {
			isa = XCConfigurationList;
			buildConfigurations = (
				FCAA816729AB5B41000E9860 /* Debug */,
				FCAA816829AB5B41000E9860 /* Release */,
			);
			defaultConfigurationIsVisible = 0;
			defaultConfigurationName = Release;
		};
		FCAA816929AB5B41000E9860 /* Build configuration list for PBXNativeTarget "WeatherForecast" */ = {
			isa = XCConfigurationList;
			buildConfigurations = (
				FCAA816A29AB5B41000E9860 /* Debug */,
				FCAA816B29AB5B41000E9860 /* Release */,
			);
			defaultConfigurationIsVisible = 0;
			defaultConfigurationName = Release;
		};
		FCAA816C29AB5B41000E9860 /* Build configuration list for PBXNativeTarget "WeatherForecastTests" */ = {
			isa = XCConfigurationList;
			buildConfigurations = (
				FCAA816D29AB5B41000E9860 /* Debug */,
				FCAA816E29AB5B41000E9860 /* Release */,
			);
			defaultConfigurationIsVisible = 0;
			defaultConfigurationName = Release;
		};
		FCAA816F29AB5B41000E9860 /* Build configuration list for PBXNativeTarget "WeatherForecastUITests" */ = {
			isa = XCConfigurationList;
			buildConfigurations = (
				FCAA817029AB5B41000E9860 /* Debug */,
				FCAA817129AB5B41000E9860 /* Release */,
			);
			defaultConfigurationIsVisible = 0;
			defaultConfigurationName = Release;
		};
/* End XCConfigurationList section */

/* Begin XCRemoteSwiftPackageReference section */
		FC8EF34429F821DE006F35E0 /* XCRemoteSwiftPackageReference "swift-collections" */ = {
			isa = XCRemoteSwiftPackageReference;
			repositoryURL = "https://github.com/apple/swift-collections.git";
			requirement = {
				kind = upToNextMajorVersion;
				minimumVersion = 1.0.0;
			};
		};
/* End XCRemoteSwiftPackageReference section */

/* Begin XCSwiftPackageProductDependency section */
		FC8EF34529F821DE006F35E0 /* Collections */ = {
			isa = XCSwiftPackageProductDependency;
			package = FC8EF34429F821DE006F35E0 /* XCRemoteSwiftPackageReference "swift-collections" */;
			productName = Collections;
		};
		FC8EF34729F821DE006F35E0 /* DequeModule */ = {
			isa = XCSwiftPackageProductDependency;
			package = FC8EF34429F821DE006F35E0 /* XCRemoteSwiftPackageReference "swift-collections" */;
			productName = DequeModule;
		};
		FC8EF34929F821DE006F35E0 /* OrderedCollections */ = {
			isa = XCSwiftPackageProductDependency;
			package = FC8EF34429F821DE006F35E0 /* XCRemoteSwiftPackageReference "swift-collections" */;
			productName = OrderedCollections;
		};
/* End XCSwiftPackageProductDependency section */

/* Begin XCVersionGroup section */
		FC8EF1E829F6E0CD006F35E0 /* CoreDataModel.xcdatamodeld */ = {
			isa = XCVersionGroup;
			children = (
				FC8EF1E929F6E0CD006F35E0 /* Model.xcdatamodel */,
			);
			currentVersion = FC8EF1E929F6E0CD006F35E0 /* Model.xcdatamodel */;
			path = CoreDataModel.xcdatamodeld;
			sourceTree = "<group>";
			versionGroupType = wrapper.xcdatamodel;
		};
/* End XCVersionGroup section */
	};
	rootObject = FCAA813729AB5B3F000E9860 /* Project object */;
}
